
Microsoft Visual Studio Solution File, Format Version 12.00
# Visual Studio Version 17
VisualStudioVersion = 17.14.36408.4
MinimumVisualStudioVersion = 10.0.40219.1
Project("{F184B08F-C81C-45F6-A57F-5ABD9991F28F}") = "DetalleParametros64", "Reporteador\DetalleParametros64.vbproj", "{CECB3A32-EB67-42CB-B2E1-AD7172DD73D6}"
EndProject
Global
	GlobalSection(SolutionConfigurationPlatforms) = preSolution
		Debug|Any CPU = Debug|Any CPU
		Release|Any CPU = Release|Any CPU
	EndGlobalSection
	GlobalSection(ProjectConfigurationPlatforms) = postSolution
		{CECB3A32-EB67-42CB-B2E1-AD7172DD73D6}.Debug|Any CPU.ActiveCfg = Debug|Any CPU
		{CECB3A32-EB67-42CB-B2E1-AD7172DD73D6}.Debug|Any CPU.Build.0 = Debug|Any CPU
		{CECB3A32-EB67-42CB-B2E1-AD7172DD73D6}.Release|Any CPU.ActiveCfg = Release|Any CPU
		{CECB3A32-EB67-42CB-B2E1-AD7172DD73D6}.Release|Any CPU.Build.0 = Release|Any CPU
	EndGlobalSection
	GlobalSection(SolutionProperties) = preSolution
		HideSolutionNode = FALSE
	EndGlobalSection
	GlobalSection(ExtensibilityGlobals) = postSolution
		SolutionGuid = {5F3F54B0-36DE-4613-80C2-E44FBE5F9452}
	EndGlobalSection
EndGlobal
